// !$*UTF8*$!
{
	archiveVersion = 1;
	classes = {
	};
	objectVersion = 50;
	objects = {

/* Begin PBXBuildFile section */
		413DE6D221963D61006698A1 /* Expansions.swift in Sources */ = {isa = PBXBuildFile; fileRef = 413DE6D121963D61006698A1 /* Expansions.swift */; };
		41559350218EB25000CD825A /* ViewExtensions.swift in Sources */ = {isa = PBXBuildFile; fileRef = 4155934F218EB25000CD825A /* ViewExtensions.swift */; };
		41559354218EB2E200CD825A /* Tracks.swift in Sources */ = {isa = PBXBuildFile; fileRef = 41559353218EB2E200CD825A /* Tracks.swift */; };
		41559356218EB30D00CD825A /* Eras.swift in Sources */ = {isa = PBXBuildFile; fileRef = 41559355218EB30D00CD825A /* Eras.swift */; };
		41559359218EB7A900CD825A /* SettingsViewController.swift in Sources */ = {isa = PBXBuildFile; fileRef = 41559358218EB7A900CD825A /* SettingsViewController.swift */; };
		4155935B218EB7D000CD825A /* CharacterViewController.swift in Sources */ = {isa = PBXBuildFile; fileRef = 4155935A218EB7D000CD825A /* CharacterViewController.swift */; };
		4155935D218EB8A400CD825A /* StarTrekCharacter.swift in Sources */ = {isa = PBXBuildFile; fileRef = 4155935C218EB8A400CD825A /* StarTrekCharacter.swift */; };
		416869E02196861200DA67B6 /* CharacterDetailViewController.swift in Sources */ = {isa = PBXBuildFile; fileRef = 416869DF2196861200DA67B6 /* CharacterDetailViewController.swift */; };
		416869E221968CBE00DA67B6 /* Album.swift in Sources */ = {isa = PBXBuildFile; fileRef = 416869E121968CBE00DA67B6 /* Album.swift */; };
		416869E42196B9BE00DA67B6 /* Visuals.swift in Sources */ = {isa = PBXBuildFile; fileRef = 416869E32196B9BE00DA67B6 /* Visuals.swift */; };
		416869E62196B9F000DA67B6 /* RoundedButton.swift in Sources */ = {isa = PBXBuildFile; fileRef = 416869E52196B9F000DA67B6 /* RoundedButton.swift */; };
		416869E82196CECF00DA67B6 /* Species.swift in Sources */ = {isa = PBXBuildFile; fileRef = 416869E72196CECF00DA67B6 /* Species.swift */; };
		416869EA2196CF4300DA67B6 /* Environments.swift in Sources */ = {isa = PBXBuildFile; fileRef = 416869E92196CF4300DA67B6 /* Environments.swift */; };
		416869EC2196CF7300DA67B6 /* Upbringings.swift in Sources */ = {isa = PBXBuildFile; fileRef = 416869EB2196CF7300DA67B6 /* Upbringings.swift */; };
		416869EE21990BA900DA67B6 /* CharacterTypeViewController.swift in Sources */ = {isa = PBXBuildFile; fileRef = 416869ED21990BA900DA67B6 /* CharacterTypeViewController.swift */; };
		41BD10302170C0730057FC52 /* AppDelegate.swift in Sources */ = {isa = PBXBuildFile; fileRef = 41BD102F2170C0730057FC52 /* AppDelegate.swift */; };
		41BD10322170C0730057FC52 /* MenuViewController.swift in Sources */ = {isa = PBXBuildFile; fileRef = 41BD10312170C0730057FC52 /* MenuViewController.swift */; };
		41BD10352170C0730057FC52 /* Main.storyboard in Resources */ = {isa = PBXBuildFile; fileRef = 41BD10332170C0730057FC52 /* Main.storyboard */; };
		41BD10372170C0750057FC52 /* Assets.xcassets in Resources */ = {isa = PBXBuildFile; fileRef = 41BD10362170C0750057FC52 /* Assets.xcassets */; };
		41BD103A2170C0750057FC52 /* LaunchScreen.storyboard in Resources */ = {isa = PBXBuildFile; fileRef = 41BD10382170C0750057FC52 /* LaunchScreen.storyboard */; };
/* End PBXBuildFile section */

/* Begin PBXFileReference section */
		413DE6D121963D61006698A1 /* Expansions.swift */ = {isa = PBXFileReference; lastKnownFileType = sourcecode.swift; path = Expansions.swift; sourceTree = "<group>"; };
		4155934F218EB25000CD825A /* ViewExtensions.swift */ = {isa = PBXFileReference; lastKnownFileType = sourcecode.swift; path = ViewExtensions.swift; sourceTree = "<group>"; };
		41559353218EB2E200CD825A /* Tracks.swift */ = {isa = PBXFileReference; lastKnownFileType = sourcecode.swift; path = Tracks.swift; sourceTree = "<group>"; };
		41559355218EB30D00CD825A /* Eras.swift */ = {isa = PBXFileReference; lastKnownFileType = sourcecode.swift; path = Eras.swift; sourceTree = "<group>"; };
		41559358218EB7A900CD825A /* SettingsViewController.swift */ = {isa = PBXFileReference; lastKnownFileType = sourcecode.swift; path = SettingsViewController.swift; sourceTree = "<group>"; };
		4155935A218EB7D000CD825A /* CharacterViewController.swift */ = {isa = PBXFileReference; lastKnownFileType = sourcecode.swift; path = CharacterViewController.swift; sourceTree = "<group>"; };
		4155935C218EB8A400CD825A /* StarTrekCharacter.swift */ = {isa = PBXFileReference; lastKnownFileType = sourcecode.swift; path = StarTrekCharacter.swift; sourceTree = "<group>"; };
		416869DF2196861200DA67B6 /* CharacterDetailViewController.swift */ = {isa = PBXFileReference; lastKnownFileType = sourcecode.swift; path = CharacterDetailViewController.swift; sourceTree = "<group>"; };
		416869E121968CBE00DA67B6 /* Album.swift */ = {isa = PBXFileReference; lastKnownFileType = sourcecode.swift; path = Album.swift; sourceTree = "<group>"; };
		416869E32196B9BE00DA67B6 /* Visuals.swift */ = {isa = PBXFileReference; lastKnownFileType = sourcecode.swift; path = Visuals.swift; sourceTree = "<group>"; };
		416869E52196B9F000DA67B6 /* RoundedButton.swift */ = {isa = PBXFileReference; lastKnownFileType = sourcecode.swift; path = RoundedButton.swift; sourceTree = "<group>"; };
		416869E72196CECF00DA67B6 /* Species.swift */ = {isa = PBXFileReference; lastKnownFileType = sourcecode.swift; path = Species.swift; sourceTree = "<group>"; };
		416869E92196CF4300DA67B6 /* Environments.swift */ = {isa = PBXFileReference; lastKnownFileType = sourcecode.swift; path = Environments.swift; sourceTree = "<group>"; };
		416869EB2196CF7300DA67B6 /* Upbringings.swift */ = {isa = PBXFileReference; lastKnownFileType = sourcecode.swift; path = Upbringings.swift; sourceTree = "<group>"; };
		416869ED21990BA900DA67B6 /* CharacterTypeViewController.swift */ = {isa = PBXFileReference; lastKnownFileType = sourcecode.swift; path = CharacterTypeViewController.swift; sourceTree = "<group>"; };
		41BD102C2170C0730057FC52 /* Star Trek Adventures.app */ = {isa = PBXFileReference; explicitFileType = wrapper.application; includeInIndex = 0; path = "Star Trek Adventures.app"; sourceTree = BUILT_PRODUCTS_DIR; };
		41BD102F2170C0730057FC52 /* AppDelegate.swift */ = {isa = PBXFileReference; lastKnownFileType = sourcecode.swift; path = AppDelegate.swift; sourceTree = "<group>"; };
		41BD10312170C0730057FC52 /* MenuViewController.swift */ = {isa = PBXFileReference; lastKnownFileType = sourcecode.swift; path = MenuViewController.swift; sourceTree = "<group>"; };
		41BD10342170C0730057FC52 /* Base */ = {isa = PBXFileReference; lastKnownFileType = file.storyboard; name = Base; path = Base.lproj/Main.storyboard; sourceTree = "<group>"; };
		41BD10362170C0750057FC52 /* Assets.xcassets */ = {isa = PBXFileReference; lastKnownFileType = folder.assetcatalog; path = Assets.xcassets; sourceTree = "<group>"; };
		41BD10392170C0750057FC52 /* Base */ = {isa = PBXFileReference; lastKnownFileType = file.storyboard; name = Base; path = Base.lproj/LaunchScreen.storyboard; sourceTree = "<group>"; };
		41BD103B2170C0750057FC52 /* Info.plist */ = {isa = PBXFileReference; lastKnownFileType = text.plist.xml; path = Info.plist; sourceTree = "<group>"; };
/* End PBXFileReference section */

/* Begin PBXFrameworksBuildPhase section */
		41BD10292170C0730057FC52 /* Frameworks */ = {
			isa = PBXFrameworksBuildPhase;
			buildActionMask = 2147483647;
			files = (
			);
			runOnlyForDeploymentPostprocessing = 0;
		};
/* End PBXFrameworksBuildPhase section */

/* Begin PBXGroup section */
		413DE6D321964BA1006698A1 /* ViewControllers */ = {
			isa = PBXGroup;
			children = (
				41BD10312170C0730057FC52 /* MenuViewController.swift */,
				41559358218EB7A900CD825A /* SettingsViewController.swift */,
				416869ED21990BA900DA67B6 /* CharacterTypeViewController.swift */,
				416869DF2196861200DA67B6 /* CharacterDetailViewController.swift */,
				4155935A218EB7D000CD825A /* CharacterViewController.swift */,
			);
			path = ViewControllers;
			sourceTree = "<group>";
		};
		41559357218EB43800CD825A /* Types */ = {
			isa = PBXGroup;
			children = (
				413DE6D121963D61006698A1 /* Expansions.swift */,
				41559355218EB30D00CD825A /* Eras.swift */,
				416869E72196CECF00DA67B6 /* Species.swift */,
				41559353218EB2E200CD825A /* Tracks.swift */,
				416869E92196CF4300DA67B6 /* Environments.swift */,
				416869EB2196CF7300DA67B6 /* Upbringings.swift */,
				4155935C218EB8A400CD825A /* StarTrekCharacter.swift */,
			);
			path = Types;
			sourceTree = "<group>";
		};
		41BD10232170C0730057FC52 = {
			isa = PBXGroup;
			children = (
				41BD102E2170C0730057FC52 /* Star Trek Adventures */,
				41BD102D2170C0730057FC52 /* Products */,
			);
			sourceTree = "<group>";
		};
		41BD102D2170C0730057FC52 /* Products */ = {
			isa = PBXGroup;
			children = (
				41BD102C2170C0730057FC52 /* Star Trek Adventures.app */,
			);
			name = Products;
			sourceTree = "<group>";
		};
		41BD102E2170C0730057FC52 /* Star Trek Adventures */ = {
			isa = PBXGroup;
			children = (
				41BD103B2170C0750057FC52 /* Info.plist */,
				41BD10362170C0750057FC52 /* Assets.xcassets */,
				41BD10382170C0750057FC52 /* LaunchScreen.storyboard */,
				41BD10332170C0730057FC52 /* Main.storyboard */,
				41BD102F2170C0730057FC52 /* AppDelegate.swift */,
				416869E121968CBE00DA67B6 /* Album.swift */,
				416869E52196B9F000DA67B6 /* RoundedButton.swift */,
				4155934F218EB25000CD825A /* ViewExtensions.swift */,
				416869E32196B9BE00DA67B6 /* Visuals.swift */,
				413DE6D321964BA1006698A1 /* ViewControllers */,
				41559357218EB43800CD825A /* Types */,
			);
			path = "Star Trek Adventures";
			sourceTree = "<group>";
		};
/* End PBXGroup section */

/* Begin PBXNativeTarget section */
		41BD102B2170C0730057FC52 /* Star Trek Adventures */ = {
			isa = PBXNativeTarget;
			buildConfigurationList = 41BD103E2170C0750057FC52 /* Build configuration list for PBXNativeTarget "Star Trek Adventures" */;
			buildPhases = (
				41BD10282170C0730057FC52 /* Sources */,
				41BD10292170C0730057FC52 /* Frameworks */,
				41BD102A2170C0730057FC52 /* Resources */,
			);
			buildRules = (
			);
			dependencies = (
			);
			name = "Star Trek Adventures";
			productName = "Star Trek Adventures";
			productReference = 41BD102C2170C0730057FC52 /* Star Trek Adventures.app */;
			productType = "com.apple.product-type.application";
		};
/* End PBXNativeTarget section */

/* Begin PBXProject section */
		41BD10242170C0730057FC52 /* Project object */ = {
			isa = PBXProject;
			attributes = {
				LastSwiftUpdateCheck = 1000;
				LastUpgradeCheck = 1000;
				ORGANIZATIONNAME = "Mars Geldard";
				TargetAttributes = {
					41BD102B2170C0730057FC52 = {
						CreatedOnToolsVersion = 10.0;
					};
				};
			};
			buildConfigurationList = 41BD10272170C0730057FC52 /* Build configuration list for PBXProject "Star Trek Adventures" */;
			compatibilityVersion = "Xcode 9.3";
			developmentRegion = en;
			hasScannedForEncodings = 0;
			knownRegions = (
				en,
				Base,
			);
			mainGroup = 41BD10232170C0730057FC52;
			productRefGroup = 41BD102D2170C0730057FC52 /* Products */;
			projectDirPath = "";
			projectRoot = "";
			targets = (
				41BD102B2170C0730057FC52 /* Star Trek Adventures */,
			);
		};
/* End PBXProject section */

/* Begin PBXResourcesBuildPhase section */
		41BD102A2170C0730057FC52 /* Resources */ = {
			isa = PBXResourcesBuildPhase;
			buildActionMask = 2147483647;
			files = (
				41BD103A2170C0750057FC52 /* LaunchScreen.storyboard in Resources */,
				41BD10372170C0750057FC52 /* Assets.xcassets in Resources */,
				41BD10352170C0730057FC52 /* Main.storyboard in Resources */,
			);
			runOnlyForDeploymentPostprocessing = 0;
		};
/* End PBXResourcesBuildPhase section */

/* Begin PBXSourcesBuildPhase section */
		41BD10282170C0730057FC52 /* Sources */ = {
			isa = PBXSourcesBuildPhase;
			buildActionMask = 2147483647;
			files = (
				416869EE21990BA900DA67B6 /* CharacterTypeViewController.swift in Sources */,
				41BD10322170C0730057FC52 /* MenuViewController.swift in Sources */,
				41559350218EB25000CD825A /* ViewExtensions.swift in Sources */,
				4155935B218EB7D000CD825A /* CharacterViewController.swift in Sources */,
				416869EA2196CF4300DA67B6 /* Environments.swift in Sources */,
				416869EC2196CF7300DA67B6 /* Upbringings.swift in Sources */,
				41BD10302170C0730057FC52 /* AppDelegate.swift in Sources */,
				41559354218EB2E200CD825A /* Tracks.swift in Sources */,
				416869E02196861200DA67B6 /* CharacterDetailViewController.swift in Sources */,
				41559356218EB30D00CD825A /* Eras.swift in Sources */,
				413DE6D221963D61006698A1 /* Expansions.swift in Sources */,
				416869E82196CECF00DA67B6 /* Species.swift in Sources */,
				416869E221968CBE00DA67B6 /* Album.swift in Sources */,
				41559359218EB7A900CD825A /* SettingsViewController.swift in Sources */,
				4155935D218EB8A400CD825A /* StarTrekCharacter.swift in Sources */,
				416869E42196B9BE00DA67B6 /* Visuals.swift in Sources */,
				416869E62196B9F000DA67B6 /* RoundedButton.swift in Sources */,
			);
			runOnlyForDeploymentPostprocessing = 0;
		};
/* End PBXSourcesBuildPhase section */

/* Begin PBXVariantGroup section */
		41BD10332170C0730057FC52 /* Main.storyboard */ = {
			isa = PBXVariantGroup;
			children = (
				41BD10342170C0730057FC52 /* Base */,
			);
			name = Main.storyboard;
			sourceTree = "<group>";
		};
		41BD10382170C0750057FC52 /* LaunchScreen.storyboard */ = {
			isa = PBXVariantGroup;
			children = (
				41BD10392170C0750057FC52 /* Base */,
			);
			name = LaunchScreen.storyboard;
			sourceTree = "<group>";
		};
/* End PBXVariantGroup section */

/* Begin XCBuildConfiguration section */
		41BD103C2170C0750057FC52 /* Debug */ = {
			isa = XCBuildConfiguration;
			buildSettings = {
				ALWAYS_SEARCH_USER_PATHS = NO;
				CLANG_ANALYZER_NONNULL = YES;
				CLANG_ANALYZER_NUMBER_OBJECT_CONVERSION = YES_AGGRESSIVE;
				CLANG_CXX_LANGUAGE_STANDARD = "gnu++14";
				CLANG_CXX_LIBRARY = "libc++";
				CLANG_ENABLE_MODULES = YES;
				CLANG_ENABLE_OBJC_ARC = YES;
				CLANG_ENABLE_OBJC_WEAK = YES;
				CLANG_WARN_BLOCK_CAPTURE_AUTORELEASING = YES;
				CLANG_WARN_BOOL_CONVERSION = YES;
				CLANG_WARN_COMMA = YES;
				CLANG_WARN_CONSTANT_CONVERSION = YES;
				CLANG_WARN_DEPRECATED_OBJC_IMPLEMENTATIONS = YES;
				CLANG_WARN_DIRECT_OBJC_ISA_USAGE = YES_ERROR;
				CLANG_WARN_DOCUMENTATION_COMMENTS = YES;
				CLANG_WARN_EMPTY_BODY = YES;
				CLANG_WARN_ENUM_CONVERSION = YES;
				CLANG_WARN_INFINITE_RECURSION = YES;
				CLANG_WARN_INT_CONVERSION = YES;
				CLANG_WARN_NON_LITERAL_NULL_CONVERSION = YES;
				CLANG_WARN_OBJC_IMPLICIT_RETAIN_SELF = YES;
				CLANG_WARN_OBJC_LITERAL_CONVERSION = YES;
				CLANG_WARN_OBJC_ROOT_CLASS = YES_ERROR;
				CLANG_WARN_RANGE_LOOP_ANALYSIS = YES;
				CLANG_WARN_STRICT_PROTOTYPES = YES;
				CLANG_WARN_SUSPICIOUS_MOVE = YES;
				CLANG_WARN_UNGUARDED_AVAILABILITY = YES_AGGRESSIVE;
				CLANG_WARN_UNREACHABLE_CODE = YES;
				CLANG_WARN__DUPLICATE_METHOD_MATCH = YES;
				CODE_SIGN_IDENTITY = "iPhone Developer";
				COPY_PHASE_STRIP = NO;
				DEBUG_INFORMATION_FORMAT = dwarf;
				ENABLE_STRICT_OBJC_MSGSEND = YES;
				ENABLE_TESTABILITY = YES;
				GCC_C_LANGUAGE_STANDARD = gnu11;
				GCC_DYNAMIC_NO_PIC = NO;
				GCC_NO_COMMON_BLOCKS = YES;
				GCC_OPTIMIZATION_LEVEL = 0;
				GCC_PREPROCESSOR_DEFINITIONS = (
					"DEBUG=1",
					"$(inherited)",
				);
				GCC_WARN_64_TO_32_BIT_CONVERSION = YES;
				GCC_WARN_ABOUT_RETURN_TYPE = YES_ERROR;
				GCC_WARN_UNDECLARED_SELECTOR = YES;
				GCC_WARN_UNINITIALIZED_AUTOS = YES_AGGRESSIVE;
				GCC_WARN_UNUSED_FUNCTION = YES;
				GCC_WARN_UNUSED_VARIABLE = YES;
				IPHONEOS_DEPLOYMENT_TARGET = 12.0;
				MTL_ENABLE_DEBUG_INFO = INCLUDE_SOURCE;
				MTL_FAST_MATH = YES;
				ONLY_ACTIVE_ARCH = YES;
				SDKROOT = iphoneos;
				SWIFT_ACTIVE_COMPILATION_CONDITIONS = DEBUG;
				SWIFT_OPTIMIZATION_LEVEL = "-Onone";
			};
			name = Debug;
		};
		41BD103D2170C0750057FC52 /* Release */ = {
			isa = XCBuildConfiguration;
			buildSettings = {
				ALWAYS_SEARCH_USER_PATHS = NO;
				CLANG_ANALYZER_NONNULL = YES;
				CLANG_ANALYZER_NUMBER_OBJECT_CONVERSION = YES_AGGRESSIVE;
				CLANG_CXX_LANGUAGE_STANDARD = "gnu++14";
				CLANG_CXX_LIBRARY = "libc++";
				CLANG_ENABLE_MODULES = YES;
				CLANG_ENABLE_OBJC_ARC = YES;
				CLANG_ENABLE_OBJC_WEAK = YES;
				CLANG_WARN_BLOCK_CAPTURE_AUTORELEASING = YES;
				CLANG_WARN_BOOL_CONVERSION = YES;
				CLANG_WARN_COMMA = YES;
				CLANG_WARN_CONSTANT_CONVERSION = YES;
				CLANG_WARN_DEPRECATED_OBJC_IMPLEMENTATIONS = YES;
				CLANG_WARN_DIRECT_OBJC_ISA_USAGE = YES_ERROR;
				CLANG_WARN_DOCUMENTATION_COMMENTS = YES;
				CLANG_WARN_EMPTY_BODY = YES;
				CLANG_WARN_ENUM_CONVERSION = YES;
				CLANG_WARN_INFINITE_RECURSION = YES;
				CLANG_WARN_INT_CONVERSION = YES;
				CLANG_WARN_NON_LITERAL_NULL_CONVERSION = YES;
				CLANG_WARN_OBJC_IMPLICIT_RETAIN_SELF = YES;
				CLANG_WARN_OBJC_LITERAL_CONVERSION = YES;
				CLANG_WARN_OBJC_ROOT_CLASS = YES_ERROR;
				CLANG_WARN_RANGE_LOOP_ANALYSIS = YES;
				CLANG_WARN_STRICT_PROTOTYPES = YES;
				CLANG_WARN_SUSPICIOUS_MOVE = YES;
				CLANG_WARN_UNGUARDED_AVAILABILITY = YES_AGGRESSIVE;
				CLANG_WARN_UNREACHABLE_CODE = YES;
				CLANG_WARN__DUPLICATE_METHOD_MATCH = YES;
				CODE_SIGN_IDENTITY = "iPhone Developer";
				COPY_PHASE_STRIP = NO;
				DEBUG_INFORMATION_FORMAT = "dwarf-with-dsym";
				ENABLE_NS_ASSERTIONS = NO;
				ENABLE_STRICT_OBJC_MSGSEND = YES;
				GCC_C_LANGUAGE_STANDARD = gnu11;
				GCC_NO_COMMON_BLOCKS = YES;
				GCC_WARN_64_TO_32_BIT_CONVERSION = YES;
				GCC_WARN_ABOUT_RETURN_TYPE = YES_ERROR;
				GCC_WARN_UNDECLARED_SELECTOR = YES;
				GCC_WARN_UNINITIALIZED_AUTOS = YES_AGGRESSIVE;
				GCC_WARN_UNUSED_FUNCTION = YES;
				GCC_WARN_UNUSED_VARIABLE = YES;
				IPHONEOS_DEPLOYMENT_TARGET = 12.0;
				MTL_ENABLE_DEBUG_INFO = NO;
				MTL_FAST_MATH = YES;
				SDKROOT = iphoneos;
				SWIFT_COMPILATION_MODE = wholemodule;
				SWIFT_OPTIMIZATION_LEVEL = "-O";
				VALIDATE_PRODUCT = YES;
			};
			name = Release;
		};
		41BD103F2170C0750057FC52 /* Debug */ = {
			isa = XCBuildConfiguration;
			buildSettings = {
				ASSETCATALOG_COMPILER_APPICON_NAME = AppIcon;
				CODE_SIGN_STYLE = Automatic;
				DEVELOPMENT_TEAM = WWM8ZC54SY;
				INFOPLIST_FILE = "Star Trek Adventures/Info.plist";
				LD_RUNPATH_SEARCH_PATHS = (
					"$(inherited)",
					"@executable_path/Frameworks",
				);
				PRODUCT_BUNDLE_IDENTIFIER = "com.themartianlife.macOS.Star-Trek-Adventures";
				PRODUCT_NAME = "$(TARGET_NAME)";
				SWIFT_VERSION = 4.2;
				TARGETED_DEVICE_FAMILY = "1,2";
			};
			name = Debug;
		};
		41BD10402170C0750057FC52 /* Release */ = {
			isa = XCBuildConfiguration;
			buildSettings = {
				ASSETCATALOG_COMPILER_APPICON_NAME = AppIcon;
				CODE_SIGN_STYLE = Automatic;
				DEVELOPMENT_TEAM = WWM8ZC54SY;
				INFOPLIST_FILE = "Star Trek Adventures/Info.plist";
				LD_RUNPATH_SEARCH_PATHS = (
					"$(inherited)",
					"@executable_path/Frameworks",
				);
				PRODUCT_BUNDLE_IDENTIFIER = "com.themartianlife.macOS.Star-Trek-Adventures";
				PRODUCT_NAME = "$(TARGET_NAME)";
				SWIFT_VERSION = 4.2;
				TARGETED_DEVICE_FAMILY = "1,2";
			};
			name = Release;
		};
/* End XCBuildConfiguration section */

/* Begin XCConfigurationList section */
		41BD10272170C0730057FC52 /* Build configuration list for PBXProject "Star Trek Adventures" */ = {
			isa = XCConfigurationList;
			buildConfigurations = (
				41BD103C2170C0750057FC52 /* Debug */,
				41BD103D2170C0750057FC52 /* Release */,
			);
			defaultConfigurationIsVisible = 0;
			defaultConfigurationName = Release;
		};
		41BD103E2170C0750057FC52 /* Build configuration list for PBXNativeTarget "Star Trek Adventures" */ = {
			isa = XCConfigurationList;
			buildConfigurations = (
				41BD103F2170C0750057FC52 /* Debug */,
				41BD10402170C0750057FC52 /* Release */,
			);
			defaultConfigurationIsVisible = 0;
			defaultConfigurationName = Release;
		};
/* End XCConfigurationList section */
	};
	rootObject = 41BD10242170C0730057FC52 /* Project object */;
}
